{
  "requires": true,
  "lockfileVersion": 1,
  "dependencies": {
    "circular-json": {
      "version": "0.3.3",
      "resolved": "https://registry.npmjs.org/circular-json/-/circular-json-0.3.3.tgz",
      "integrity": "sha512-UZK3NBx2Mca+b5LsG7bY183pHWt5Y1xts4P3Pz7ENTwGVnJOUWbRb3ocjvX7hx9tq/yTAdclXm9sZ38gNuem4A==",
      "dev": true
    },
    "fs-extra": {
      "version": "3.0.1",
      "resolved": "https://registry.npmjs.org/fs-extra/-/fs-extra-3.0.1.tgz",
      "integrity": "sha1-N5TzeMWLNC6n27sjCVEJxLO2IpE=",
      "dev": true,
      "requires": {
        "graceful-fs": "4.1.15",
        "jsonfile": "3.0.1",
        "universalify": "0.1.2"
      }
    },
    "graceful-fs": {
      "version": "4.1.15",
      "resolved": "https://registry.npmjs.org/graceful-fs/-/graceful-fs-4.1.15.tgz",
      "integrity": "sha512-6uHUhOPEBgQ24HM+r6b/QwWfZq+yiFcipKFrOFiBEnWdy5sdzYoi+pJeQaPI5qOLRFqWmAXUPQNsielzdLoecA==",
      "dev": true
    },
    "jsonfile": {
      "version": "3.0.1",
      "resolved": "https://registry.npmjs.org/jsonfile/-/jsonfile-3.0.1.tgz",
      "integrity": "sha1-pezG9l9T9mLEQVx2daAzHQmS7GY=",
      "dev": true,
      "requires": {
        "graceful-fs": "4.1.15"
      }
    },
    "klaw-sync": {
      "version": "2.1.0",
      "resolved": "https://registry.npmjs.org/klaw-sync/-/klaw-sync-2.1.0.tgz",
      "integrity": "sha1-PTvNhgDnv971MjHHOf8FOu1WDkQ=",
      "dev": true,
      "requires": {
        "graceful-fs": "4.1.15"
      }
    },
    "mkdirp": {
      "version": "0.3.5",
      "resolved": "https://registry.npmjs.org/mkdirp/-/mkdirp-0.3.5.tgz",
      "integrity": "sha1-3j5fiWHIjHh+4TaN+EmsRBPsqNc=",
      "dev": true
    },
    "protractor-beautiful-reporter": {
      "version": "1.2.7",
      "resolved": "https://registry.npmjs.org/protractor-beautiful-reporter/-/protractor-beautiful-reporter-1.2.7.tgz",
      "integrity": "sha512-bFbqCS0ims4XO3SwMBg1KGFhRdmLCi65h9TenwDlEUS5GiF3/Mm/qMFe9dkmZ043aaj5XR+yGGEe6tLpA0Jokg==",
      "dev": true,
      "requires": {
        "circular-json": "0.3.3",
        "fs-extra": "3.0.1",
        "klaw-sync": "2.1.0",
        "mkdirp": "0.3.5",
        "underscore": "1.6.0"
      }
    },
    "underscore": {
      "version": "1.6.0",
      "resolved": "https://registry.npmjs.org/underscore/-/underscore-1.6.0.tgz",
      "integrity": "sha1-izixDKze9jM3uLJOT/htRa6lKag=",
      "dev": true
    },
    "universalify": {
      "version": "0.1.2",
      "resolved": "https://registry.npmjs.org/universalify/-/universalify-0.1.2.tgz",
      "integrity": "sha512-rBJeI5CXAlmy1pV+617WB9J63U6XcazHHF2f2dbJix4XzpUF0RS3Zbj0FGIOCAva5P/d/GBOYaACQ1w+0azUkg==",
      "dev": true
    }
  }
}
